
Microsoft Visual Studio Solution File, Format Version 12.00
# Visual Studio 2015
Project("{FAE04EC0-301F-11D3-BF4B-00C04F79EFBC}") = "Transitions Prototype.CSharp", "Transitions Prototype.CSharp.csproj", "{5416BF84-2F7E-4A1D-A12A-20C8AEF8380C}"
EndProject
Project("{FAE04EC0-301F-11D3-BF4B-00C04F79EFBC}") = "Transitions Prototype.CSharp.Editor", "Transitions Prototype.CSharp.Editor.csproj", "{EC18E79D-C160-1019-81A1-7266B180EAB2}"
EndProject
Global
	GlobalSection(SolutionConfigurationPlatforms) = preSolution
		Debug|Any CPU = Debug|Any CPU
		Release|Any CPU = Release|Any CPU
	EndGlobalSection
	GlobalSection(ProjectConfigurationPlatforms) = postSolution
		{5416BF84-2F7E-4A1D-A12A-20C8AEF8380C}.Debug|Any CPU.ActiveCfg = Debug|Any CPU
		{5416BF84-2F7E-4A1D-A12A-20C8AEF8380C}.Debug|Any CPU.Build.0 = Debug|Any CPU
		{5416BF84-2F7E-4A1D-A12A-20C8AEF8380C}.Release|Any CPU.ActiveCfg = Release|Any CPU
		{5416BF84-2F7E-4A1D-A12A-20C8AEF8380C}.Release|Any CPU.Build.0 = Release|Any CPU
		{EC18E79D-C160-1019-81A1-7266B180EAB2}.Debug|Any CPU.ActiveCfg = Debug|Any CPU
		{EC18E79D-C160-1019-81A1-7266B180EAB2}.Debug|Any CPU.Build.0 = Debug|Any CPU
		{EC18E79D-C160-1019-81A1-7266B180EAB2}.Release|Any CPU.ActiveCfg = Release|Any CPU
		{EC18E79D-C160-1019-81A1-7266B180EAB2}.Release|Any CPU.Build.0 = Release|Any CPU
	EndGlobalSection
	GlobalSection(SolutionProperties) = preSolution
		HideSolutionNode = FALSE
	EndGlobalSection
EndGlobal
