
Microsoft Visual Studio Solution File, Format Version 11.00
# Visual Studio 2010
Project("{FAE04EC0-301F-11D3-BF4B-00C04F79EFBC}") = "Transitions Prototype", "Assembly-CSharp.csproj", "{BA6E3616-398B-8BA2-23AD-C9956ECC5535}"
EndProject
Project("{FAE04EC0-301F-11D3-BF4B-00C04F79EFBC}") = "Transitions Prototype", "Assembly-CSharp-Editor.csproj", "{35E440D1-085D-14E2-B360-16EC5101953A}"
EndProject
Global
	GlobalSection(SolutionConfigurationPlatforms) = preSolution
		Debug|Any CPU = Debug|Any CPU
		Release|Any CPU = Release|Any CPU
	EndGlobalSection
	GlobalSection(ProjectConfigurationPlatforms) = postSolution
		{BA6E3616-398B-8BA2-23AD-C9956ECC5535}.Debug|Any CPU.ActiveCfg = Debug|Any CPU
		{BA6E3616-398B-8BA2-23AD-C9956ECC5535}.Debug|Any CPU.Build.0 = Debug|Any CPU
		{BA6E3616-398B-8BA2-23AD-C9956ECC5535}.Release|Any CPU.ActiveCfg = Release|Any CPU
		{BA6E3616-398B-8BA2-23AD-C9956ECC5535}.Release|Any CPU.Build.0 = Release|Any CPU
		{35E440D1-085D-14E2-B360-16EC5101953A}.Debug|Any CPU.ActiveCfg = Debug|Any CPU
		{35E440D1-085D-14E2-B360-16EC5101953A}.Debug|Any CPU.Build.0 = Debug|Any CPU
		{35E440D1-085D-14E2-B360-16EC5101953A}.Release|Any CPU.ActiveCfg = Release|Any CPU
		{35E440D1-085D-14E2-B360-16EC5101953A}.Release|Any CPU.Build.0 = Release|Any CPU
	EndGlobalSection
	GlobalSection(SolutionProperties) = preSolution
		HideSolutionNode = FALSE
	EndGlobalSection
	GlobalSection(MonoDevelopProperties) = preSolution
		StartupItem = Assembly-CSharp.csproj
	EndGlobalSection
EndGlobal
